// !$*UTF8*$!
{
	archiveVersion = 1;
	classes = {
	};
	objectVersion = 46;
	objects = {

/* Begin PBXBuildFile section */
		F40DBEF31DFEA582002A402F /* AppDelegate.swift in Sources */ = {isa = PBXBuildFile; fileRef = F40DBEF21DFEA582002A402F /* AppDelegate.swift */; };
		F40DBEF51DFEA582002A402F /* ViewController.swift in Sources */ = {isa = PBXBuildFile; fileRef = F40DBEF41DFEA582002A402F /* ViewController.swift */; };
		F40DBEFA1DFEA582002A402F /* Assets.xcassets in Resources */ = {isa = PBXBuildFile; fileRef = F40DBEF91DFEA582002A402F /* Assets.xcassets */; };
		F40DBEFD1DFEA582002A402F /* LaunchScreen.storyboard in Resources */ = {isa = PBXBuildFile; fileRef = F40DBEFB1DFEA582002A402F /* LaunchScreen.storyboard */; };
		F444D8841E09A5CC00F4302C /* Main.storyboard in Resources */ = {isa = PBXBuildFile; fileRef = F444D8831E09A5CC00F4302C /* Main.storyboard */; };
/* End PBXBuildFile section */

/* Begin PBXFileReference section */
		F40DBEEF1DFEA582002A402F /* Calculator Green.app */ = {isa = PBXFileReference; explicitFileType = wrapper.application; includeInIndex = 0; path = "Calculator Green.app"; sourceTree = BUILT_PRODUCTS_DIR; };
		F40DBEF21DFEA582002A402F /* AppDelegate.swift */ = {isa = PBXFileReference; lastKnownFileType = sourcecode.swift; path = AppDelegate.swift; sourceTree = "<group>"; };
		F40DBEF41DFEA582002A402F /* ViewController.swift */ = {isa = PBXFileReference; lastKnownFileType = sourcecode.swift; path = ViewController.swift; sourceTree = "<group>"; };
		F40DBEF91DFEA582002A402F /* Assets.xcassets */ = {isa = PBXFileReference; lastKnownFileType = folder.assetcatalog; path = Assets.xcassets; sourceTree = "<group>"; };
		F40DBEFC1DFEA582002A402F /* Base */ = {isa = PBXFileReference; lastKnownFileType = file.storyboard; name = Base; path = Base.lproj/LaunchScreen.storyboard; sourceTree = "<group>"; };
		F40DBEFE1DFEA582002A402F /* Info.plist */ = {isa = PBXFileReference; lastKnownFileType = text.plist.xml; path = Info.plist; sourceTree = "<group>"; };
		F444D8831E09A5CC00F4302C /* Main.storyboard */ = {isa = PBXFileReference; fileEncoding = 4; lastKnownFileType = file.storyboard; path = Main.storyboard; sourceTree = "<group>"; };
/* End PBXFileReference section */

/* Begin PBXFrameworksBuildPhase section */
		F40DBEEC1DFEA581002A402F /* Frameworks */ = {
			isa = PBXFrameworksBuildPhase;
			buildActionMask = 2147483647;
			files = (
			);
			runOnlyForDeploymentPostprocessing = 0;
		};
/* End PBXFrameworksBuildPhase section */

/* Begin PBXGroup section */
		F40DBEE61DFEA581002A402F = {
			isa = PBXGroup;
			children = (
				F40DBEF11DFEA582002A402F /* Calculator Green */,
				F40DBEF01DFEA582002A402F /* Products */,
			);
			sourceTree = "<group>";
		};
		F40DBEF01DFEA582002A402F /* Products */ = {
			isa = PBXGroup;
			children = (
				F40DBEEF1DFEA582002A402F /* Calculator Green.app */,
			);
			name = Products;
			sourceTree = "<group>";
		};
		F40DBEF11DFEA582002A402F /* Calculator Green */ = {
			isa = PBXGroup;
			children = (
				F40DBEF21DFEA582002A402F /* AppDelegate.swift */,
				F40DBEF41DFEA582002A402F /* ViewController.swift */,
				F444D8831E09A5CC00F4302C /* Main.storyboard */,
				F40DBEF91DFEA582002A402F /* Assets.xcassets */,
				F40DBEFB1DFEA582002A402F /* LaunchScreen.storyboard */,
				F40DBEFE1DFEA582002A402F /* Info.plist */,
			);
			name = "Calculator Green";
			path = Calculator3D;
			sourceTree = "<group>";
		};
/* End PBXGroup section */

/* Begin PBXNativeTarget section */
		F40DBEEE1DFEA581002A402F /* Calculator Green */ = {
			isa = PBXNativeTarget;
			buildConfigurationList = F40DBF011DFEA582002A402F /* Build configuration list for PBXNativeTarget "Calculator Green" */;
			buildPhases = (
				F40DBEEB1DFEA581002A402F /* Sources */,
				F40DBEEC1DFEA581002A402F /* Frameworks */,
				F40DBEED1DFEA581002A402F /* Resources */,
			);
			buildRules = (
			);
			dependencies = (
			);
			name = "Calculator Green";
			productName = Calculator3D;
			productReference = F40DBEEF1DFEA582002A402F /* Calculator Green.app */;
			productType = "com.apple.product-type.application";
		};
/* End PBXNativeTarget section */

/* Begin PBXProject section */
		F40DBEE71DFEA581002A402F /* Project object */ = {
			isa = PBXProject;
			attributes = {
				LastSwiftUpdateCheck = 0810;
				LastUpgradeCheck = 0820;
				ORGANIZATIONNAME = "Fotios Tragopoulos";
				TargetAttributes = {
					F40DBEEE1DFEA581002A402F = {
						CreatedOnToolsVersion = 8.1;
						DevelopmentTeam = KUPZ8W8CSU;
						ProvisioningStyle = Automatic;
					};
				};
			};
			buildConfigurationList = F40DBEEA1DFEA581002A402F /* Build configuration list for PBXProject "Calculator Green" */;
			compatibilityVersion = "Xcode 3.2";
			developmentRegion = English;
			hasScannedForEncodings = 0;
			knownRegions = (
				en,
				Base,
			);
			mainGroup = F40DBEE61DFEA581002A402F;
			productRefGroup = F40DBEF01DFEA582002A402F /* Products */;
			projectDirPath = "";
			projectRoot = "";
			targets = (
				F40DBEEE1DFEA581002A402F /* Calculator Green */,
			);
		};
/* End PBXProject section */

/* Begin PBXResourcesBuildPhase section */
		F40DBEED1DFEA581002A402F /* Resources */ = {
			isa = PBXResourcesBuildPhase;
			buildActionMask = 2147483647;
			files = (
				F444D8841E09A5CC00F4302C /* Main.storyboard in Resources */,
				F40DBEFD1DFEA582002A402F /* LaunchScreen.storyboard in Resources */,
				F40DBEFA1DFEA582002A402F /* Assets.xcassets in Resources */,
			);
			runOnlyForDeploymentPostprocessing = 0;
		};
/* End PBXResourcesBuildPhase section */

/* Begin PBXSourcesBuildPhase section */
		F40DBEEB1DFEA581002A402F /* Sources */ = {
			isa = PBXSourcesBuildPhase;
			buildActionMask = 2147483647;
			files = (
				F40DBEF51DFEA582002A402F /* ViewController.swift in Sources */,
				F40DBEF31DFEA582002A402F /* AppDelegate.swift in Sources */,
			);
			runOnlyForDeploymentPostprocessing = 0;
		};
/* End PBXSourcesBuildPhase section */

/* Begin PBXVariantGroup section */
		F40DBEFB1DFEA582002A402F /* LaunchScreen.storyboard */ = {
			isa = PBXVariantGroup;
			children = (
				F40DBEFC1DFEA582002A402F /* Base */,
			);
			name = LaunchScreen.storyboard;
			sourceTree = "<group>";
		};
/* End PBXVariantGroup section */

/* Begin XCBuildConfiguration section */
		F40DBEFF1DFEA582002A402F /* Debug */ = {
			isa = XCBuildConfiguration;
			buildSettings = {
				ALWAYS_SEARCH_USER_PATHS = NO;
				CLANG_ANALYZER_NONNULL = YES;
				CLANG_CXX_LANGUAGE_STANDARD = "gnu++0x";
				CLANG_CXX_LIBRARY = "libc++";
				CLANG_ENABLE_MODULES = YES;
				CLANG_ENABLE_OBJC_ARC = YES;
				CLANG_WARN_BOOL_CONVERSION = YES;
				CLANG_WARN_CONSTANT_CONVERSION = YES;
				CLANG_WARN_DIRECT_OBJC_ISA_USAGE = YES_ERROR;
				CLANG_WARN_DOCUMENTATION_COMMENTS = YES;
				CLANG_WARN_EMPTY_BODY = YES;
				CLANG_WARN_ENUM_CONVERSION = YES;
				CLANG_WARN_INFINITE_RECURSION = YES;
				CLANG_WARN_INT_CONVERSION = YES;
				CLANG_WARN_OBJC_ROOT_CLASS = YES_ERROR;
				CLANG_WARN_SUSPICIOUS_MOVE = YES;
				CLANG_WARN_SUSPICIOUS_MOVES = YES;
				CLANG_WARN_UNREACHABLE_CODE = YES;
				CLANG_WARN__DUPLICATE_METHOD_MATCH = YES;
				"CODE_SIGN_IDENTITY[sdk=iphoneos*]" = "iPhone Developer";
				COPY_PHASE_STRIP = NO;
				DEBUG_INFORMATION_FORMAT = dwarf;
				ENABLE_STRICT_OBJC_MSGSEND = YES;
				ENABLE_TESTABILITY = YES;
				GCC_C_LANGUAGE_STANDARD = gnu99;
				GCC_DYNAMIC_NO_PIC = NO;
				GCC_NO_COMMON_BLOCKS = YES;
				GCC_OPTIMIZATION_LEVEL = 0;
				GCC_PREPROCESSOR_DEFINITIONS = (
					"DEBUG=1",
					"$(inherited)",
				);
				GCC_WARN_64_TO_32_BIT_CONVERSION = YES;
				GCC_WARN_ABOUT_RETURN_TYPE = YES_ERROR;
				GCC_WARN_UNDECLARED_SELECTOR = YES;
				GCC_WARN_UNINITIALIZED_AUTOS = YES_AGGRESSIVE;
				GCC_WARN_UNUSED_FUNCTION = YES;
				GCC_WARN_UNUSED_VARIABLE = YES;
				IPHONEOS_DEPLOYMENT_TARGET = 8.0;
				MTL_ENABLE_DEBUG_INFO = YES;
				ONLY_ACTIVE_ARCH = YES;
				SDKROOT = iphoneos;
				SWIFT_ACTIVE_COMPILATION_CONDITIONS = DEBUG;
				SWIFT_OPTIMIZATION_LEVEL = "-Onone";
				TARGETED_DEVICE_FAMILY = "1,2";
			};
			name = Debug;
		};
		F40DBF001DFEA582002A402F /* Release */ = {
			isa = XCBuildConfiguration;
			buildSettings = {
				ALWAYS_SEARCH_USER_PATHS = NO;
				CLANG_ANALYZER_NONNULL = YES;
				CLANG_CXX_LANGUAGE_STANDARD = "gnu++0x";
				CLANG_CXX_LIBRARY = "libc++";
				CLANG_ENABLE_MODULES = YES;
				CLANG_ENABLE_OBJC_ARC = YES;
				CLANG_WARN_BOOL_CONVERSION = YES;
				CLANG_WARN_CONSTANT_CONVERSION = YES;
				CLANG_WARN_DIRECT_OBJC_ISA_USAGE = YES_ERROR;
				CLANG_WARN_DOCUMENTATION_COMMENTS = YES;
				CLANG_WARN_EMPTY_BODY = YES;
				CLANG_WARN_ENUM_CONVERSION = YES;
				CLANG_WARN_INFINITE_RECURSION = YES;
				CLANG_WARN_INT_CONVERSION = YES;
				CLANG_WARN_OBJC_ROOT_CLASS = YES_ERROR;
				CLANG_WARN_SUSPICIOUS_MOVE = YES;
				CLANG_WARN_SUSPICIOUS_MOVES = YES;
				CLANG_WARN_UNREACHABLE_CODE = YES;
				CLANG_WARN__DUPLICATE_METHOD_MATCH = YES;
				"CODE_SIGN_IDENTITY[sdk=iphoneos*]" = "iPhone Developer";
				COPY_PHASE_STRIP = NO;
				DEBUG_INFORMATION_FORMAT = "dwarf-with-dsym";
				ENABLE_NS_ASSERTIONS = NO;
				ENABLE_STRICT_OBJC_MSGSEND = YES;
				GCC_C_LANGUAGE_STANDARD = gnu99;
				GCC_NO_COMMON_BLOCKS = YES;
				GCC_WARN_64_TO_32_BIT_CONVERSION = YES;
				GCC_WARN_ABOUT_RETURN_TYPE = YES_ERROR;
				GCC_WARN_UNDECLARED_SELECTOR = YES;
				GCC_WARN_UNINITIALIZED_AUTOS = YES_AGGRESSIVE;
				GCC_WARN_UNUSED_FUNCTION = YES;
				GCC_WARN_UNUSED_VARIABLE = YES;
				IPHONEOS_DEPLOYMENT_TARGET = 8.0;
				MTL_ENABLE_DEBUG_INFO = NO;
				SDKROOT = iphoneos;
				SWIFT_OPTIMIZATION_LEVEL = "-Owholemodule";
				TARGETED_DEVICE_FAMILY = "1,2";
				VALIDATE_PRODUCT = YES;
			};
			name = Release;
		};
		F40DBF021DFEA582002A402F /* Debug */ = {
			isa = XCBuildConfiguration;
			buildSettings = {
				ASSETCATALOG_COMPILER_APPICON_NAME = AppIcon;
				DEVELOPMENT_TEAM = KUPZ8W8CSU;
				INFOPLIST_FILE = Calculator3D/Info.plist;
				IPHONEOS_DEPLOYMENT_TARGET = 9.0;
				LD_RUNPATH_SEARCH_PATHS = "$(inherited) @executable_path/Frameworks";
				PRODUCT_BUNDLE_IDENTIFIER = fotiostragopoulos.myds.me.Calculator3D;
				PRODUCT_NAME = "$(TARGET_NAME)";
				SWIFT_VERSION = 3.0;
			};
			name = Debug;
		};
		F40DBF031DFEA582002A402F /* Release */ = {
			isa = XCBuildConfiguration;
			buildSettings = {
				ASSETCATALOG_COMPILER_APPICON_NAME = AppIcon;
				DEVELOPMENT_TEAM = KUPZ8W8CSU;
				INFOPLIST_FILE = Calculator3D/Info.plist;
				IPHONEOS_DEPLOYMENT_TARGET = 9.0;
				LD_RUNPATH_SEARCH_PATHS = "$(inherited) @executable_path/Frameworks";
				PRODUCT_BUNDLE_IDENTIFIER = fotiostragopoulos.myds.me.Calculator3D;
				PRODUCT_NAME = "$(TARGET_NAME)";
				SWIFT_VERSION = 3.0;
			};
			name = Release;
		};
/* End XCBuildConfiguration section */

/* Begin XCConfigurationList section */
		F40DBEEA1DFEA581002A402F /* Build configuration list for PBXProject "Calculator Green" */ = {
			isa = XCConfigurationList;
			buildConfigurations = (
				F40DBEFF1DFEA582002A402F /* Debug */,
				F40DBF001DFEA582002A402F /* Release */,
			);
			defaultConfigurationIsVisible = 0;
			defaultConfigurationName = Release;
		};
		F40DBF011DFEA582002A402F /* Build configuration list for PBXNativeTarget "Calculator Green" */ = {
			isa = XCConfigurationList;
			buildConfigurations = (
				F40DBF021DFEA582002A402F /* Debug */,
				F40DBF031DFEA582002A402F /* Release */,
			);
			defaultConfigurationIsVisible = 0;
			defaultConfigurationName = Release;
		};
/* End XCConfigurationList section */
	};
	rootObject = F40DBEE71DFEA581002A402F /* Project object */;
}
